{
  "projects": [
    {
      "projectId": "cfAzAZfWHXuGfuGZzbNSBD",
      "version": "latest",
      "dependencies": {},
      "lang": "ts",
      "fileLocks": [
        {
          "type": "globalVariant",
          "assetId": "UjafGbsrqWRx",
          "checksum": "83d902b5b3154bda23c7f746ba30105a"
        },
        {
          "assetId": "cfAzAZfWHXuGfuGZzbNSBD",
          "type": "projectCss",
          "checksum": "c1ef143bd3e3d7d54beaf6abc3b162e6"
        },
        {
          "type": "renderModule",
          "assetId": "6KQfL5eV5vx4",
          "checksum": "1933be065bcd7582f6a5b8c3ab1040d6"
        },
        {
          "type": "cssRules",
          "assetId": "6KQfL5eV5vx4",
          "checksum": "1933be065bcd7582f6a5b8c3ab1040d6"
        },
        {
          "type": "renderModule",
          "assetId": "nJQmi1UGxXtR",
          "checksum": "ce6d989a728c373f1b81832b8dcd513c"
        },
        {
          "type": "cssRules",
          "assetId": "nJQmi1UGxXtR",
          "checksum": "ce6d989a728c373f1b81832b8dcd513c"
        },
        {
          "type": "renderModule",
          "assetId": "eeHTwphmCc9u",
          "checksum": "3f635c9b941cb8701f4f1c869f90a0d6"
        },
        {
          "type": "cssRules",
          "assetId": "eeHTwphmCc9u",
          "checksum": "3f635c9b941cb8701f4f1c869f90a0d6"
        },
        {
          "type": "renderModule",
          "assetId": "dLCYJ7aANpqB",
          "checksum": "fffc93865f6f54c87c0f3be987e8585e"
        },
        {
          "type": "cssRules",
          "assetId": "dLCYJ7aANpqB",
          "checksum": "fffc93865f6f54c87c0f3be987e8585e"
        },
        {
          "type": "renderModule",
          "assetId": "lohmCzy8-Qub",
          "checksum": "76af369d02d73f5510496a23a8b36f52"
        },
        {
          "type": "cssRules",
          "assetId": "lohmCzy8-Qub",
          "checksum": "76af369d02d73f5510496a23a8b36f52"
        },
        {
          "type": "renderModule",
          "assetId": "iulKEEIi-oQ9",
          "checksum": "99a3c7ac0fdf5ba73fbcc2c7c9a39f9d"
        },
        {
          "type": "cssRules",
          "assetId": "iulKEEIi-oQ9",
          "checksum": "99a3c7ac0fdf5ba73fbcc2c7c9a39f9d"
        },
        {
          "type": "renderModule",
          "assetId": "l7XN_Yj3taP4",
          "checksum": "13d74fe37f365574e41dfc537c78a166"
        },
        {
          "type": "cssRules",
          "assetId": "l7XN_Yj3taP4",
          "checksum": "13d74fe37f365574e41dfc537c78a166"
        },
        {
          "type": "renderModule",
          "assetId": "mWDUtCkjqm4l",
          "checksum": "c67faae8d4fc66cd63f7d4428c8c3c09"
        },
        {
          "type": "cssRules",
          "assetId": "mWDUtCkjqm4l",
          "checksum": "c67faae8d4fc66cd63f7d4428c8c3c09"
        },
        {
          "type": "renderModule",
          "assetId": "eB6o5fDKV9VJ",
          "checksum": "1ff7c8d90bd740e2c113d33806beadd0"
        },
        {
          "type": "cssRules",
          "assetId": "eB6o5fDKV9VJ",
          "checksum": "1ff7c8d90bd740e2c113d33806beadd0"
        },
        {
          "type": "renderModule",
          "assetId": "-7WeEFfSyDsa",
          "checksum": "431f39c45f5aab1c76c223963664bd54"
        },
        {
          "type": "cssRules",
          "assetId": "-7WeEFfSyDsa",
          "checksum": "431f39c45f5aab1c76c223963664bd54"
        },
        {
          "type": "renderModule",
          "assetId": "xFwwfgIWOiRe",
          "checksum": "343555226d9ae13586b953c1eaf727e6"
        },
        {
          "type": "cssRules",
          "assetId": "xFwwfgIWOiRe",
          "checksum": "343555226d9ae13586b953c1eaf727e6"
        },
        {
          "type": "icon",
          "assetId": "lKeEyEgowc10",
          "checksum": "d2741397b3a63013e6feeb643401d387"
        },
        {
          "type": "icon",
          "assetId": "iY567I2SqIY2",
          "checksum": "9007279b579362a7a22580b7acb9932b"
        },
        {
          "type": "icon",
          "assetId": "TjYoTH8NDaQ4",
          "checksum": "0af7c5c7a9605d4fe6f2e8f29702b17e"
        },
        {
          "type": "icon",
          "assetId": "eAES342WVwrS",
          "checksum": "27eeae9a40805ef57250f81b95de7598"
        },
        {
          "type": "icon",
          "assetId": "3meSZ-jvA5lf",
          "checksum": "8f94378a3a446457e62009477c1cf4d9"
        },
        {
          "type": "icon",
          "assetId": "MBIQTjiNABsH",
          "checksum": "4dd8d6ee9ce36a74b41e9576200df602"
        },
        {
          "type": "icon",
          "assetId": "ILW_v33O667-",
          "checksum": "3265f68e27bfd4db3cbfa7a4d4d561ce"
        },
        {
          "type": "icon",
          "assetId": "hp40g1LKswhJ",
          "checksum": "45f1ebcde349cb2e9ad3e2c264983768"
        },
        {
          "type": "icon",
          "assetId": "i8m9OnnME6qA",
          "checksum": "04b938e808db6c66b788dea7a9d97e7a"
        },
        {
          "type": "image",
          "assetId": "SPZknlmc3w5M",
          "checksum": "d3cee455bfc8809833c57f70ff2d53fd"
        },
        {
          "type": "image",
          "assetId": "loWfR2Sh3cu2",
          "checksum": "3332ae9db32711d1e86ba0625e1bbdbd"
        },
        {
          "type": "image",
          "assetId": "-iYTN0zDidxt",
          "checksum": "ae9976eeb39a72ca24b04ec26261567d"
        },
        {
          "type": "image",
          "assetId": "2xHyRPX6X9m2",
          "checksum": "06003cd273eec64680c532ca47582892"
        },
        {
          "type": "image",
          "assetId": "JbTVWFswaMjZ",
          "checksum": "41ae1000c90909ee3ba04694a24c0312"
        },
        {
          "type": "image",
          "assetId": "h-xaqXft9GjK",
          "checksum": "3820f71d98f1181cb18e58ae14bf79b0"
        },
        {
          "type": "image",
          "assetId": "rUXa9b4-BVXB",
          "checksum": "6396d53e6e888de8888fd3a998b9ed52"
        },
        {
          "type": "image",
          "assetId": "_xuCab-A91CF",
          "checksum": "33276660cd5d638e094adc27fffb7d0f"
        },
        {
          "type": "image",
          "assetId": "trq4M0CqIhkd",
          "checksum": "4c8a6402b86728ee7418cd5c3db9a319"
        },
        {
          "type": "image",
          "assetId": "B4kY_ObZ5bBD",
          "checksum": "ce28cf816bf12928789ae2161a9dba4f"
        },
        {
          "type": "image",
          "assetId": "3_bBuAbYSuO2",
          "checksum": "9bb67487f51dd22bb34cc6d212b2f31f"
        },
        {
          "type": "image",
          "assetId": "KgXlpRL7rO_R",
          "checksum": "6840c64ba79a6d517b77da5994d6fd6b"
        },
        {
          "type": "image",
          "assetId": "J7yIBS9MYo7-",
          "checksum": "6972f667accd742f82c96edeef0ebba0"
        },
        {
          "type": "image",
          "assetId": "18W9umRZ_7P0",
          "checksum": "20b5b00bea4f5cde4cb929e0ead14ba8"
        },
        {
          "type": "image",
          "assetId": "wqDc0SpCAvi1",
          "checksum": "d6b8060fbbeea74835620bff319fdeee"
        },
        {
          "type": "image",
          "assetId": "B2ZYXnWHB0oG",
          "checksum": "36278e790d54ae90c1102c7e8f1be9ac"
        },
        {
          "type": "image",
          "assetId": "jR58h0NQjboh",
          "checksum": "c86ec2a0058766ce80b56d821283eb39"
        },
        {
          "type": "image",
          "assetId": "jSMRdmW6Qzvr",
          "checksum": "7ec80724600f1a07d9ced7b739959d31"
        },
        {
          "type": "image",
          "assetId": "2Suuifqfh5qY",
          "checksum": "d03f4d1a4faf066efe2c87768afc22be"
        },
        {
          "type": "image",
          "assetId": "v-Pid40DUuaR",
          "checksum": "e5f1b831e3e3b1a3ac9537a807aa472a"
        },
        {
          "type": "image",
          "assetId": "I_f1i02bylbH",
          "checksum": "9d040cf0da54e6a70d40cafbe1973d00"
        },
        {
          "type": "image",
          "assetId": "5TbP-xA4plOC",
          "checksum": "b74941c6eb6f4ff3b62aa3a5168f4181"
        },
        {
          "type": "image",
          "assetId": "v2NIOBjBFHdi",
          "checksum": "71bbb9637d9b1df51ef2ff808f0cc74a"
        },
        {
          "type": "image",
          "assetId": "h0Q_W5Xzslvm",
          "checksum": "580724ee002b59377739b7571b5dd040"
        },
        {
          "type": "image",
          "assetId": "Y_LjQLwJh7Kr",
          "checksum": "896c9aa66be13fb4662a99a07279b6da"
        },
        {
          "type": "image",
          "assetId": "X5LiY-Ea6KK4",
          "checksum": "e30b032c2384bb153abf20df5faa8a47"
        },
        {
          "type": "image",
          "assetId": "4hb0zuvbcox1",
          "checksum": "a209cd04ea6f5cfb810d23ddcaf2122a"
        },
        {
          "type": "image",
          "assetId": "BjzhtzHYr6no",
          "checksum": "c8fd66a8ada515a6a79e8221953817c0"
        },
        {
          "type": "image",
          "assetId": "xdaFxx4BrmrV",
          "checksum": "be235d4f9ba84d4509d21cc945c91a5e"
        },
        {
          "type": "image",
          "assetId": "cPFffiCl7gru",
          "checksum": "ba7d6a1b99adf01409939fff31530c97"
        },
        {
          "type": "image",
          "assetId": "s_QbqQ5juPu8",
          "checksum": "90f15e9caee25fdc0d75dfbaf19b24fe"
        },
        {
          "type": "image",
          "assetId": "OEIWSnjR4k7c",
          "checksum": "9b5541b5af41153a411afac8767e48b1"
        },
        {
          "type": "image",
          "assetId": "-ysRGnJqmAWW",
          "checksum": "a370d92100aca8671d0a870015c9340d"
        },
        {
          "type": "image",
          "assetId": "YT84LhTUUnbN",
          "checksum": "da1526c9a5df2cac32e7694fe98ef15f"
        },
        {
          "type": "image",
          "assetId": "f5Btcv5WwJkk",
          "checksum": "1b745b9891f071b23c686fd2c6e8cb31"
        },
        {
          "type": "image",
          "assetId": "4UEK8xyOQwxk",
          "checksum": "82dae9e2be0032095d07d7a49c27fa54"
        },
        {
          "type": "image",
          "assetId": "RzUe0HiAORrN",
          "checksum": "904032ed347eb1967fa16d98669f7234"
        }
      ],
      "codegenVersion": "0.0.1"
    }
  ],
  "cliVersion": "0.1.327"
}
